
Microsoft Visual Studio Solution File, Format Version 12.00
# Visual Studio Version 16
VisualStudioVersion = 16.0.31515.178
MinimumVisualStudioVersion = 10.0.40219.1
Project("{9A19103F-16F7-4668-BE54-9A1E7A4F7556}") = "Hello world", "HelloWorld.Console\Hello world.csproj", "{70527EDE-8410-4F29-93B3-32D53C48283F}"
EndProject
Project("{2150E333-8FDC-42A3-9474-1A3956D46DE8}") = "Solution Items", "Solution Items", "{F3E48B9B-B8B9-4498-B6EF-FFA1E42EDB0B}"
	ProjectSection(SolutionItems) = preProject
		.editorconfig = .editorconfig
	EndProjectSection
EndProject
Project("{9A19103F-16F7-4668-BE54-9A1E7A4F7556}") = "HelloWorldWebApp", "HelloWorldWebApp\HelloWorldWebApp.csproj", "{231B134C-ED19-4A42-A89D-A5930A46728C}"
EndProject
Project("{9A19103F-16F7-4668-BE54-9A1E7A4F7556}") = "HelloWorldWebApp.Tests", "HelloWorldWebApp.Tests\HelloWorldWebApp.Tests.csproj", "{3EB0912B-F393-4121-98D5-0764958A82B8}"
EndProject
Global
	GlobalSection(SolutionConfigurationPlatforms) = preSolution
		Debug|Any CPU = Debug|Any CPU
		Release|Any CPU = Release|Any CPU
	EndGlobalSection
	GlobalSection(ProjectConfigurationPlatforms) = postSolution
		{70527EDE-8410-4F29-93B3-32D53C48283F}.Debug|Any CPU.ActiveCfg = Debug|Any CPU
		{70527EDE-8410-4F29-93B3-32D53C48283F}.Debug|Any CPU.Build.0 = Debug|Any CPU
		{70527EDE-8410-4F29-93B3-32D53C48283F}.Release|Any CPU.ActiveCfg = Release|Any CPU
		{70527EDE-8410-4F29-93B3-32D53C48283F}.Release|Any CPU.Build.0 = Release|Any CPU
		{231B134C-ED19-4A42-A89D-A5930A46728C}.Debug|Any CPU.ActiveCfg = Debug|Any CPU
		{231B134C-ED19-4A42-A89D-A5930A46728C}.Debug|Any CPU.Build.0 = Debug|Any CPU
		{231B134C-ED19-4A42-A89D-A5930A46728C}.Release|Any CPU.ActiveCfg = Release|Any CPU
		{231B134C-ED19-4A42-A89D-A5930A46728C}.Release|Any CPU.Build.0 = Release|Any CPU
		{3EB0912B-F393-4121-98D5-0764958A82B8}.Debug|Any CPU.ActiveCfg = Debug|Any CPU
		{3EB0912B-F393-4121-98D5-0764958A82B8}.Debug|Any CPU.Build.0 = Debug|Any CPU
		{3EB0912B-F393-4121-98D5-0764958A82B8}.Release|Any CPU.ActiveCfg = Release|Any CPU
		{3EB0912B-F393-4121-98D5-0764958A82B8}.Release|Any CPU.Build.0 = Release|Any CPU
	EndGlobalSection
	GlobalSection(SolutionProperties) = preSolution
		HideSolutionNode = FALSE
	EndGlobalSection
	GlobalSection(ExtensibilityGlobals) = postSolution
		SolutionGuid = {383C170E-E7AC-4DF9-8F38-F5A8C2BAA14D}
	EndGlobalSection
EndGlobal
